
Microsoft Visual Studio Solution File, Format Version 12.00
# Visual Studio Version 16
VisualStudioVersion = 16.0.29709.97
MinimumVisualStudioVersion = 10.0.40219.1
Project("{FAE04EC0-301F-11D3-BF4B-00C04F79EFBC}") = "PoshGUI-sample", "PoshGUI-sample.csproj", "{1771BDA9-6D6E-4B59-B40D-36C7D186714E}"
EndProject
Global
	GlobalSection(SolutionConfigurationPlatforms) = preSolution
		Debug|Any CPU = Debug|Any CPU
		Release|Any CPU = Release|Any CPU
	EndGlobalSection
	GlobalSection(ProjectConfigurationPlatforms) = postSolution
		{1771BDA9-6D6E-4B59-B40D-36C7D186714E}.Debug|Any CPU.ActiveCfg = Debug|Any CPU
		{1771BDA9-6D6E-4B59-B40D-36C7D186714E}.Debug|Any CPU.Build.0 = Debug|Any CPU
		{1771BDA9-6D6E-4B59-B40D-36C7D186714E}.Release|Any CPU.ActiveCfg = Release|Any CPU
		{1771BDA9-6D6E-4B59-B40D-36C7D186714E}.Release|Any CPU.Build.0 = Release|Any CPU
	EndGlobalSection
	GlobalSection(SolutionProperties) = preSolution
		HideSolutionNode = FALSE
	EndGlobalSection
	GlobalSection(ExtensibilityGlobals) = postSolution
		SolutionGuid = {619058F5-D7DB-4489-ACE2-0BDC58EAC4C3}
	EndGlobalSection
EndGlobal
